{
  "name": "design-patterns",
  "version": "1.0.0",
  "lockfileVersion": 1,
  "requires": true,
  "dependencies": {
    "abstract-class-js": {
      "version": "1.3.0",
      "resolved": "https://registry.npmjs.org/abstract-class-js/-/abstract-class-js-1.3.0.tgz",
      "integrity": "sha512-JHQSHlohOrC3r1uMNf4Qoa/G4QVm7wA9KTKdWpDkL+zKmJnfjNqSmGlmOTNVvnljFIGVG7hl4osnWboMe+DFVg=="
    }
  }
}
